
Microsoft Visual Studio Solution File, Format Version 12.00
# Visual Studio Version 16
VisualStudioVersion = 16.0.29230.47
MinimumVisualStudioVersion = 10.0.40219.1
Project("{FAE04EC0-301F-11D3-BF4B-00C04F79EFBC}") = "OnlineBinaryExpressionEvaluator", "OnlineBinaryExpressionEvaluator.csproj", "{46081A09-9BE3-4A4E-ADB5-820CEBCB72DC}"
EndProject
Global
	GlobalSection(SolutionConfigurationPlatforms) = preSolution
		Debug|Any CPU = Debug|Any CPU
		Release|Any CPU = Release|Any CPU
	EndGlobalSection
	GlobalSection(ProjectConfigurationPlatforms) = postSolution
		{46081A09-9BE3-4A4E-ADB5-820CEBCB72DC}.Debug|Any CPU.ActiveCfg = Debug|Any CPU
		{46081A09-9BE3-4A4E-ADB5-820CEBCB72DC}.Debug|Any CPU.Build.0 = Debug|Any CPU
		{46081A09-9BE3-4A4E-ADB5-820CEBCB72DC}.Release|Any CPU.ActiveCfg = Release|Any CPU
		{46081A09-9BE3-4A4E-ADB5-820CEBCB72DC}.Release|Any CPU.Build.0 = Release|Any CPU
	EndGlobalSection
	GlobalSection(SolutionProperties) = preSolution
		HideSolutionNode = FALSE
	EndGlobalSection
	GlobalSection(ExtensibilityGlobals) = postSolution
		SolutionGuid = {092FFA9F-B70A-4882-B459-1696E012D0D8}
	EndGlobalSection
EndGlobal
